
Microsoft Visual Studio Solution File, Format Version 12.00
Project("{FAE04EC0-301F-11D3-BF4B-00C04F79EFBC}") = "CourseViewerApi.Web", "CourseViewerApi.Web\CourseViewerApi.Web.csproj", "{84DBE4AA-409F-4E88-9EF9-E1BFECD902FD}"
EndProject
Global
	GlobalSection(SolutionConfigurationPlatforms) = preSolution
		Debug|Any CPU = Debug|Any CPU
		Release|Any CPU = Release|Any CPU
	EndGlobalSection
	GlobalSection(ProjectConfigurationPlatforms) = postSolution
		{84DBE4AA-409F-4E88-9EF9-E1BFECD902FD}.Debug|Any CPU.ActiveCfg = Debug|Any CPU
		{84DBE4AA-409F-4E88-9EF9-E1BFECD902FD}.Debug|Any CPU.Build.0 = Debug|Any CPU
		{84DBE4AA-409F-4E88-9EF9-E1BFECD902FD}.Release|Any CPU.ActiveCfg = Release|Any CPU
		{84DBE4AA-409F-4E88-9EF9-E1BFECD902FD}.Release|Any CPU.Build.0 = Release|Any CPU
	EndGlobalSection
EndGlobal
