
Microsoft Visual Studio Solution File, Format Version 12.00
# Visual Studio Version 17
VisualStudioVersion = 17.5.33516.290
MinimumVisualStudioVersion = 10.0.40219.1
Project("{9A19103F-16F7-4668-BE54-9A1E7A4F7556}") = "CourseViewerApi.Web", "CourseViewerApi.Web\CourseViewerApi.Web.csproj", "{84DBE4AA-409F-4E88-9EF9-E1BFECD902FD}"
EndProject
Project("{FAE04EC0-301F-11D3-BF4B-00C04F79EFBC}") = "CourseViewerApi.DataAccess", "CourseViewerApi.DataAccess\CourseViewerApi.DataAccess.csproj", "{29BCBCB2-191C-4465-A78D-02BD8E8D3E18}"
EndProject
Project("{FAE04EC0-301F-11D3-BF4B-00C04F79EFBC}") = "CourseViewerApi.Common", "CourseViewerApi.Common\CourseViewerApi.Common.csproj", "{8E5F3418-BAC4-40D4-BCE8-4A3A4050683B}"
EndProject
Project("{FAE04EC0-301F-11D3-BF4B-00C04F79EFBC}") = "CourseViewerApi.Core", "CourseViewerApi.Core\CourseViewerApi.Core.csproj", "{A4F7DD50-90B7-4AAF-8BF9-FE4497DA403C}"
EndProject
Global
	GlobalSection(SolutionConfigurationPlatforms) = preSolution
		Debug|Any CPU = Debug|Any CPU
		Release|Any CPU = Release|Any CPU
	EndGlobalSection
	GlobalSection(ProjectConfigurationPlatforms) = postSolution
		{84DBE4AA-409F-4E88-9EF9-E1BFECD902FD}.Debug|Any CPU.ActiveCfg = Debug|Any CPU
		{84DBE4AA-409F-4E88-9EF9-E1BFECD902FD}.Debug|Any CPU.Build.0 = Debug|Any CPU
		{84DBE4AA-409F-4E88-9EF9-E1BFECD902FD}.Release|Any CPU.ActiveCfg = Release|Any CPU
		{84DBE4AA-409F-4E88-9EF9-E1BFECD902FD}.Release|Any CPU.Build.0 = Release|Any CPU
		{29BCBCB2-191C-4465-A78D-02BD8E8D3E18}.Debug|Any CPU.ActiveCfg = Debug|Any CPU
		{29BCBCB2-191C-4465-A78D-02BD8E8D3E18}.Debug|Any CPU.Build.0 = Debug|Any CPU
		{29BCBCB2-191C-4465-A78D-02BD8E8D3E18}.Release|Any CPU.ActiveCfg = Release|Any CPU
		{29BCBCB2-191C-4465-A78D-02BD8E8D3E18}.Release|Any CPU.Build.0 = Release|Any CPU
		{8E5F3418-BAC4-40D4-BCE8-4A3A4050683B}.Debug|Any CPU.ActiveCfg = Debug|Any CPU
		{8E5F3418-BAC4-40D4-BCE8-4A3A4050683B}.Debug|Any CPU.Build.0 = Debug|Any CPU
		{8E5F3418-BAC4-40D4-BCE8-4A3A4050683B}.Release|Any CPU.ActiveCfg = Release|Any CPU
		{8E5F3418-BAC4-40D4-BCE8-4A3A4050683B}.Release|Any CPU.Build.0 = Release|Any CPU
		{A4F7DD50-90B7-4AAF-8BF9-FE4497DA403C}.Debug|Any CPU.ActiveCfg = Debug|Any CPU
		{A4F7DD50-90B7-4AAF-8BF9-FE4497DA403C}.Debug|Any CPU.Build.0 = Debug|Any CPU
		{A4F7DD50-90B7-4AAF-8BF9-FE4497DA403C}.Release|Any CPU.ActiveCfg = Release|Any CPU
		{A4F7DD50-90B7-4AAF-8BF9-FE4497DA403C}.Release|Any CPU.Build.0 = Release|Any CPU
	EndGlobalSection
	GlobalSection(SolutionProperties) = preSolution
		HideSolutionNode = FALSE
	EndGlobalSection
EndGlobal
